
Microsoft Visual Studio Solution File, Format Version 12.00
# Visual Studio Version 17
VisualStudioVersion = 17.0.31903.59
MinimumVisualStudioVersion = 10.0.40219.1
Project("{9A19103F-16F7-4668-BE54-9A1E7A4F7556}") = "SignalRChat", "SignalRChat.csproj", "{6B3AF9F1-4564-49C2-82B6-BFBD9A13342E}"
EndProject
Global
	GlobalSection(SolutionConfigurationPlatforms) = preSolution
		Debug|Any CPU = Debug|Any CPU
		Release|Any CPU = Release|Any CPU
	EndGlobalSection
	GlobalSection(ProjectConfigurationPlatforms) = postSolution
		{6B3AF9F1-4564-49C2-82B6-BFBD9A13342E}.Debug|Any CPU.ActiveCfg = Debug|Any CPU
		{6B3AF9F1-4564-49C2-82B6-BFBD9A13342E}.Debug|Any CPU.Build.0 = Debug|Any CPU
		{6B3AF9F1-4564-49C2-82B6-BFBD9A13342E}.Release|Any CPU.ActiveCfg = Release|Any CPU
		{6B3AF9F1-4564-49C2-82B6-BFBD9A13342E}.Release|Any CPU.Build.0 = Release|Any CPU
	EndGlobalSection
	GlobalSection(SolutionProperties) = preSolution
		HideSolutionNode = FALSE
	EndGlobalSection
	GlobalSection(ExtensibilityGlobals) = postSolution
		SolutionGuid = {21B37BF7-86F1-4D3F-B3A1-C0713ED314D5}
	EndGlobalSection
EndGlobal
